// !$*UTF8*$!
{
	archiveVersion = 1;
	classes = {
	};
	objectVersion = 55;
	objects = {

/* Begin PBXBuildFile section */
		271653277750257F7E301AEB /* Pods_ToDoListApp.framework in Frameworks */ = {isa = PBXBuildFile; fileRef = D3864DFC975EA9818667C9AB /* Pods_ToDoListApp.framework */; };
		4B1C1FA0298D5054002B53A3 /* TodoListHomeView.swift in Sources */ = {isa = PBXBuildFile; fileRef = 4B1C1F9F298D5054002B53A3 /* TodoListHomeView.swift */; };
		4B613A61298D9BD300F38639 /* MockTodoListRepository.swift in Sources */ = {isa = PBXBuildFile; fileRef = 4B613A60298D9BD300F38639 /* MockTodoListRepository.swift */; };
		4B613A63298DA62200F38639 /* TodoDetailsView.swift in Sources */ = {isa = PBXBuildFile; fileRef = 4B613A62298DA62200F38639 /* TodoDetailsView.swift */; };
		4BA928A22991CFEF000B4B78 /* RealmTodoRepository.swift in Sources */ = {isa = PBXBuildFile; fileRef = 4BA928A12991CFEF000B4B78 /* RealmTodoRepository.swift */; };
		4BAF9183298D32DA00D5A14D /* ToDoListAppApp.swift in Sources */ = {isa = PBXBuildFile; fileRef = 4BAF9182298D32DA00D5A14D /* ToDoListAppApp.swift */; };
		4BAF9187298D32DE00D5A14D /* Assets.xcassets in Resources */ = {isa = PBXBuildFile; fileRef = 4BAF9186298D32DE00D5A14D /* Assets.xcassets */; };
		4BAF918A298D32DE00D5A14D /* Preview Assets.xcassets in Resources */ = {isa = PBXBuildFile; fileRef = 4BAF9189298D32DE00D5A14D /* Preview Assets.xcassets */; };
		4BAF9194298D332A00D5A14D /* TodoModel.swift in Sources */ = {isa = PBXBuildFile; fileRef = 4BAF9193298D332900D5A14D /* TodoModel.swift */; };
		4BAF9196298D33A500D5A14D /* NetworkService.swift in Sources */ = {isa = PBXBuildFile; fileRef = 4BAF9195298D33A500D5A14D /* NetworkService.swift */; };
		4BAF919A298D3F4900D5A14D /* TodoListRepository.swift in Sources */ = {isa = PBXBuildFile; fileRef = 4BAF9199298D3F4900D5A14D /* TodoListRepository.swift */; };
		4BAF919D298D3F5C00D5A14D /* TodoListRepositoryProtocol.swift in Sources */ = {isa = PBXBuildFile; fileRef = 4BAF919C298D3F5C00D5A14D /* TodoListRepositoryProtocol.swift */; };
		4BAF91A0298D474C00D5A14D /* TodoListViewModel.swift in Sources */ = {isa = PBXBuildFile; fileRef = 4BAF919F298D474C00D5A14D /* TodoListViewModel.swift */; };
		4BB3697D29912527001A6271 /* EmptyContentView.swift in Sources */ = {isa = PBXBuildFile; fileRef = 4BB3697C29912527001A6271 /* EmptyContentView.swift */; };
		4BB3697F299127F0001A6271 /* LoadingContentView.swift in Sources */ = {isa = PBXBuildFile; fileRef = 4BB3697E299127F0001A6271 /* LoadingContentView.swift */; };
		4BB3698129912A15001A6271 /* AddTodoView.swift in Sources */ = {isa = PBXBuildFile; fileRef = 4BB3698029912A15001A6271 /* AddTodoView.swift */; };
		4BB3698329912FC0001A6271 /* TextView.swift in Sources */ = {isa = PBXBuildFile; fileRef = 4BB3698229912FC0001A6271 /* TextView.swift */; };
		4BB3698629913746001A6271 /* View+Utils.swift in Sources */ = {isa = PBXBuildFile; fileRef = 4BB3698529913746001A6271 /* View+Utils.swift */; };
		4BB3698829913B20001A6271 /* AddTodoViewModel.swift in Sources */ = {isa = PBXBuildFile; fileRef = 4BB3698729913B20001A6271 /* AddTodoViewModel.swift */; };
		4BCCDA0B2993CFAD000EA7D2 /* RealmTodoListView.swift in Sources */ = {isa = PBXBuildFile; fileRef = 4BCCDA0A2993CFAD000EA7D2 /* RealmTodoListView.swift */; };
		4BCCDA0D2993D141000EA7D2 /* RealmAddTodoView.swift in Sources */ = {isa = PBXBuildFile; fileRef = 4BCCDA0C2993D141000EA7D2 /* RealmAddTodoView.swift */; };
		4BCCDA0F2993D550000EA7D2 /* TodoItem.swift in Sources */ = {isa = PBXBuildFile; fileRef = 4BCCDA0E2993D550000EA7D2 /* TodoItem.swift */; };
		4BCCDA112993EBE7000EA7D2 /* RealmListViewModel.swift in Sources */ = {isa = PBXBuildFile; fileRef = 4BCCDA102993EBE7000EA7D2 /* RealmListViewModel.swift */; };
		4BCCDA132993EE57000EA7D2 /* RealmAddTodo.swift in Sources */ = {isa = PBXBuildFile; fileRef = 4BCCDA122993EE57000EA7D2 /* RealmAddTodo.swift */; };
/* End PBXBuildFile section */

/* Begin PBXFileReference section */
		12B65A757B953D53D8CF7BB6 /* Pods-ToDoListApp.release.xcconfig */ = {isa = PBXFileReference; includeInIndex = 1; lastKnownFileType = text.xcconfig; name = "Pods-ToDoListApp.release.xcconfig"; path = "Target Support Files/Pods-ToDoListApp/Pods-ToDoListApp.release.xcconfig"; sourceTree = "<group>"; };
		13A356A420D00383B82D7906 /* Pods-ToDoListApp.debug.xcconfig */ = {isa = PBXFileReference; includeInIndex = 1; lastKnownFileType = text.xcconfig; name = "Pods-ToDoListApp.debug.xcconfig"; path = "Target Support Files/Pods-ToDoListApp/Pods-ToDoListApp.debug.xcconfig"; sourceTree = "<group>"; };
		4B1C1F9F298D5054002B53A3 /* TodoListHomeView.swift */ = {isa = PBXFileReference; lastKnownFileType = sourcecode.swift; path = TodoListHomeView.swift; sourceTree = "<group>"; };
		4B613A60298D9BD300F38639 /* MockTodoListRepository.swift */ = {isa = PBXFileReference; lastKnownFileType = sourcecode.swift; path = MockTodoListRepository.swift; sourceTree = "<group>"; };
		4B613A62298DA62200F38639 /* TodoDetailsView.swift */ = {isa = PBXFileReference; lastKnownFileType = sourcecode.swift; path = TodoDetailsView.swift; sourceTree = "<group>"; };
		4BA928A12991CFEF000B4B78 /* RealmTodoRepository.swift */ = {isa = PBXFileReference; lastKnownFileType = sourcecode.swift; path = RealmTodoRepository.swift; sourceTree = "<group>"; };
		4BAF917F298D32DA00D5A14D /* ToDoListApp.app */ = {isa = PBXFileReference; explicitFileType = wrapper.application; includeInIndex = 0; path = ToDoListApp.app; sourceTree = BUILT_PRODUCTS_DIR; };
		4BAF9182298D32DA00D5A14D /* ToDoListAppApp.swift */ = {isa = PBXFileReference; lastKnownFileType = sourcecode.swift; path = ToDoListAppApp.swift; sourceTree = "<group>"; };
		4BAF9186298D32DE00D5A14D /* Assets.xcassets */ = {isa = PBXFileReference; lastKnownFileType = folder.assetcatalog; path = Assets.xcassets; sourceTree = "<group>"; };
		4BAF9189298D32DE00D5A14D /* Preview Assets.xcassets */ = {isa = PBXFileReference; lastKnownFileType = folder.assetcatalog; path = "Preview Assets.xcassets"; sourceTree = "<group>"; };
		4BAF9193298D332900D5A14D /* TodoModel.swift */ = {isa = PBXFileReference; lastKnownFileType = sourcecode.swift; path = TodoModel.swift; sourceTree = "<group>"; };
		4BAF9195298D33A500D5A14D /* NetworkService.swift */ = {isa = PBXFileReference; lastKnownFileType = sourcecode.swift; path = NetworkService.swift; sourceTree = "<group>"; };
		4BAF9199298D3F4900D5A14D /* TodoListRepository.swift */ = {isa = PBXFileReference; lastKnownFileType = sourcecode.swift; path = TodoListRepository.swift; sourceTree = "<group>"; };
		4BAF919C298D3F5C00D5A14D /* TodoListRepositoryProtocol.swift */ = {isa = PBXFileReference; lastKnownFileType = sourcecode.swift; path = TodoListRepositoryProtocol.swift; sourceTree = "<group>"; };
		4BAF919F298D474C00D5A14D /* TodoListViewModel.swift */ = {isa = PBXFileReference; lastKnownFileType = sourcecode.swift; path = TodoListViewModel.swift; sourceTree = "<group>"; };
		4BB3697C29912527001A6271 /* EmptyContentView.swift */ = {isa = PBXFileReference; lastKnownFileType = sourcecode.swift; path = EmptyContentView.swift; sourceTree = "<group>"; };
		4BB3697E299127F0001A6271 /* LoadingContentView.swift */ = {isa = PBXFileReference; lastKnownFileType = sourcecode.swift; path = LoadingContentView.swift; sourceTree = "<group>"; };
		4BB3698029912A15001A6271 /* AddTodoView.swift */ = {isa = PBXFileReference; lastKnownFileType = sourcecode.swift; path = AddTodoView.swift; sourceTree = "<group>"; };
		4BB3698229912FC0001A6271 /* TextView.swift */ = {isa = PBXFileReference; lastKnownFileType = sourcecode.swift; path = TextView.swift; sourceTree = "<group>"; };
		4BB3698529913746001A6271 /* View+Utils.swift */ = {isa = PBXFileReference; lastKnownFileType = sourcecode.swift; path = "View+Utils.swift"; sourceTree = "<group>"; };
		4BB3698729913B20001A6271 /* AddTodoViewModel.swift */ = {isa = PBXFileReference; lastKnownFileType = sourcecode.swift; path = AddTodoViewModel.swift; sourceTree = "<group>"; };
		4BCCDA0A2993CFAD000EA7D2 /* RealmTodoListView.swift */ = {isa = PBXFileReference; lastKnownFileType = sourcecode.swift; path = RealmTodoListView.swift; sourceTree = "<group>"; };
		4BCCDA0C2993D141000EA7D2 /* RealmAddTodoView.swift */ = {isa = PBXFileReference; lastKnownFileType = sourcecode.swift; path = RealmAddTodoView.swift; sourceTree = "<group>"; };
		4BCCDA0E2993D550000EA7D2 /* TodoItem.swift */ = {isa = PBXFileReference; lastKnownFileType = sourcecode.swift; path = TodoItem.swift; sourceTree = "<group>"; };
		4BCCDA102993EBE7000EA7D2 /* RealmListViewModel.swift */ = {isa = PBXFileReference; lastKnownFileType = sourcecode.swift; path = RealmListViewModel.swift; sourceTree = "<group>"; };
		4BCCDA122993EE57000EA7D2 /* RealmAddTodo.swift */ = {isa = PBXFileReference; lastKnownFileType = sourcecode.swift; path = RealmAddTodo.swift; sourceTree = "<group>"; };
		D3864DFC975EA9818667C9AB /* Pods_ToDoListApp.framework */ = {isa = PBXFileReference; explicitFileType = wrapper.framework; includeInIndex = 0; path = Pods_ToDoListApp.framework; sourceTree = BUILT_PRODUCTS_DIR; };
/* End PBXFileReference section */

/* Begin PBXFrameworksBuildPhase section */
		4BAF917C298D32DA00D5A14D /* Frameworks */ = {
			isa = PBXFrameworksBuildPhase;
			buildActionMask = 2147483647;
			files = (
				271653277750257F7E301AEB /* Pods_ToDoListApp.framework in Frameworks */,
			);
			runOnlyForDeploymentPostprocessing = 0;
		};
/* End PBXFrameworksBuildPhase section */

/* Begin PBXGroup section */
		12C151F67E5AC077548A0C11 /* Pods */ = {
			isa = PBXGroup;
			children = (
				13A356A420D00383B82D7906 /* Pods-ToDoListApp.debug.xcconfig */,
				12B65A757B953D53D8CF7BB6 /* Pods-ToDoListApp.release.xcconfig */,
			);
			path = Pods;
			sourceTree = "<group>";
		};
		4BAF9176298D32DA00D5A14D = {
			isa = PBXGroup;
			children = (
				4BAF9181298D32DA00D5A14D /* ToDoListApp */,
				4BAF9180298D32DA00D5A14D /* Products */,
				12C151F67E5AC077548A0C11 /* Pods */,
				88AFABAA1C577E3363E63C92 /* Frameworks */,
			);
			sourceTree = "<group>";
		};
		4BAF9180298D32DA00D5A14D /* Products */ = {
			isa = PBXGroup;
			children = (
				4BAF917F298D32DA00D5A14D /* ToDoListApp.app */,
			);
			name = Products;
			sourceTree = "<group>";
		};
		4BAF9181298D32DA00D5A14D /* ToDoListApp */ = {
			isa = PBXGroup;
			children = (
				4BAF919E298D473D00D5A14D /* ViewModel */,
				4BAF919B298D3F4E00D5A14D /* Protocols */,
				4BAF9198298D3F2B00D5A14D /* View */,
				4BAF9197298D39FA00D5A14D /* Repository */,
				4BAF9192298D330400D5A14D /* Service */,
				4BAF9190298D32F600D5A14D /* Model */,
				4BAF9182298D32DA00D5A14D /* ToDoListAppApp.swift */,
				4BAF9186298D32DE00D5A14D /* Assets.xcassets */,
				4BAF9188298D32DE00D5A14D /* Preview Content */,
			);
			path = ToDoListApp;
			sourceTree = "<group>";
		};
		4BAF9188298D32DE00D5A14D /* Preview Content */ = {
			isa = PBXGroup;
			children = (
				4BAF9189298D32DE00D5A14D /* Preview Assets.xcassets */,
			);
			path = "Preview Content";
			sourceTree = "<group>";
		};
		4BAF9190298D32F600D5A14D /* Model */ = {
			isa = PBXGroup;
			children = (
				4BAF9193298D332900D5A14D /* TodoModel.swift */,
			);
			path = Model;
			sourceTree = "<group>";
		};
		4BAF9192298D330400D5A14D /* Service */ = {
			isa = PBXGroup;
			children = (
				4BAF9195298D33A500D5A14D /* NetworkService.swift */,
			);
			path = Service;
			sourceTree = "<group>";
		};
		4BAF9197298D39FA00D5A14D /* Repository */ = {
			isa = PBXGroup;
			children = (
				4BAF9199298D3F4900D5A14D /* TodoListRepository.swift */,
				4B613A60298D9BD300F38639 /* MockTodoListRepository.swift */,
				4BA928A12991CFEF000B4B78 /* RealmTodoRepository.swift */,
			);
			path = Repository;
			sourceTree = "<group>";
		};
		4BAF9198298D3F2B00D5A14D /* View */ = {
			isa = PBXGroup;
			children = (
				4BB3698429913738001A6271 /* Utils */,
				4BB3697B29912510001A6271 /* UsefulViews */,
				4BB3697A2991250A001A6271 /* AddTodo */,
				4BB3697929912505001A6271 /* Details */,
				4BB3697829912500001A6271 /* Home */,
			);
			path = View;
			sourceTree = "<group>";
		};
		4BAF919B298D3F4E00D5A14D /* Protocols */ = {
			isa = PBXGroup;
			children = (
				4BAF919C298D3F5C00D5A14D /* TodoListRepositoryProtocol.swift */,
				4BCCDA0E2993D550000EA7D2 /* TodoItem.swift */,
			);
			path = Protocols;
			sourceTree = "<group>";
		};
		4BAF919E298D473D00D5A14D /* ViewModel */ = {
			isa = PBXGroup;
			children = (
				4BAF919F298D474C00D5A14D /* TodoListViewModel.swift */,
				4BB3698729913B20001A6271 /* AddTodoViewModel.swift */,
				4BCCDA102993EBE7000EA7D2 /* RealmListViewModel.swift */,
				4BCCDA122993EE57000EA7D2 /* RealmAddTodo.swift */,
			);
			path = ViewModel;
			sourceTree = "<group>";
		};
		4BB3697829912500001A6271 /* Home */ = {
			isa = PBXGroup;
			children = (
				4B1C1F9F298D5054002B53A3 /* TodoListHomeView.swift */,
				4BCCDA0A2993CFAD000EA7D2 /* RealmTodoListView.swift */,
			);
			path = Home;
			sourceTree = "<group>";
		};
		4BB3697929912505001A6271 /* Details */ = {
			isa = PBXGroup;
			children = (
				4B613A62298DA62200F38639 /* TodoDetailsView.swift */,
			);
			path = Details;
			sourceTree = "<group>";
		};
		4BB3697A2991250A001A6271 /* AddTodo */ = {
			isa = PBXGroup;
			children = (
				4BB3698029912A15001A6271 /* AddTodoView.swift */,
				4BCCDA0C2993D141000EA7D2 /* RealmAddTodoView.swift */,
			);
			path = AddTodo;
			sourceTree = "<group>";
		};
		4BB3697B29912510001A6271 /* UsefulViews */ = {
			isa = PBXGroup;
			children = (
				4BB3697C29912527001A6271 /* EmptyContentView.swift */,
				4BB3697E299127F0001A6271 /* LoadingContentView.swift */,
				4BB3698229912FC0001A6271 /* TextView.swift */,
			);
			path = UsefulViews;
			sourceTree = "<group>";
		};
		4BB3698429913738001A6271 /* Utils */ = {
			isa = PBXGroup;
			children = (
				4BB3698529913746001A6271 /* View+Utils.swift */,
			);
			path = Utils;
			sourceTree = "<group>";
		};
		88AFABAA1C577E3363E63C92 /* Frameworks */ = {
			isa = PBXGroup;
			children = (
				D3864DFC975EA9818667C9AB /* Pods_ToDoListApp.framework */,
			);
			name = Frameworks;
			sourceTree = "<group>";
		};
/* End PBXGroup section */

/* Begin PBXNativeTarget section */
		4BAF917E298D32DA00D5A14D /* ToDoListApp */ = {
			isa = PBXNativeTarget;
			buildConfigurationList = 4BAF918D298D32DE00D5A14D /* Build configuration list for PBXNativeTarget "ToDoListApp" */;
			buildPhases = (
				5EB95FEFE0F1A6CB95CA0C18 /* [CP] Check Pods Manifest.lock */,
				4BAF917B298D32DA00D5A14D /* Sources */,
				4BAF917C298D32DA00D5A14D /* Frameworks */,
				4BAF917D298D32DA00D5A14D /* Resources */,
				6D2904A112ED91E359F54168 /* [CP] Embed Pods Frameworks */,
			);
			buildRules = (
			);
			dependencies = (
			);
			name = ToDoListApp;
			productName = ToDoListApp;
			productReference = 4BAF917F298D32DA00D5A14D /* ToDoListApp.app */;
			productType = "com.apple.product-type.application";
		};
/* End PBXNativeTarget section */

/* Begin PBXProject section */
		4BAF9177298D32DA00D5A14D /* Project object */ = {
			isa = PBXProject;
			attributes = {
				BuildIndependentTargetsInParallel = 1;
				LastSwiftUpdateCheck = 1330;
				LastUpgradeCheck = 1330;
				TargetAttributes = {
					4BAF917E298D32DA00D5A14D = {
						CreatedOnToolsVersion = 13.3.1;
					};
				};
			};
			buildConfigurationList = 4BAF917A298D32DA00D5A14D /* Build configuration list for PBXProject "ToDoListApp" */;
			compatibilityVersion = "Xcode 13.0";
			developmentRegion = en;
			hasScannedForEncodings = 0;
			knownRegions = (
				en,
				Base,
			);
			mainGroup = 4BAF9176298D32DA00D5A14D;
			productRefGroup = 4BAF9180298D32DA00D5A14D /* Products */;
			projectDirPath = "";
			projectRoot = "";
			targets = (
				4BAF917E298D32DA00D5A14D /* ToDoListApp */,
			);
		};
/* End PBXProject section */

/* Begin PBXResourcesBuildPhase section */
		4BAF917D298D32DA00D5A14D /* Resources */ = {
			isa = PBXResourcesBuildPhase;
			buildActionMask = 2147483647;
			files = (
				4BAF918A298D32DE00D5A14D /* Preview Assets.xcassets in Resources */,
				4BAF9187298D32DE00D5A14D /* Assets.xcassets in Resources */,
			);
			runOnlyForDeploymentPostprocessing = 0;
		};
/* End PBXResourcesBuildPhase section */

/* Begin PBXShellScriptBuildPhase section */
		5EB95FEFE0F1A6CB95CA0C18 /* [CP] Check Pods Manifest.lock */ = {
			isa = PBXShellScriptBuildPhase;
			buildActionMask = 2147483647;
			files = (
			);
			inputFileListPaths = (
			);
			inputPaths = (
				"${PODS_PODFILE_DIR_PATH}/Podfile.lock",
				"${PODS_ROOT}/Manifest.lock",
			);
			name = "[CP] Check Pods Manifest.lock";
			outputFileListPaths = (
			);
			outputPaths = (
				"$(DERIVED_FILE_DIR)/Pods-ToDoListApp-checkManifestLockResult.txt",
			);
			runOnlyForDeploymentPostprocessing = 0;
			shellPath = /bin/sh;
			shellScript = "diff \"${PODS_PODFILE_DIR_PATH}/Podfile.lock\" \"${PODS_ROOT}/Manifest.lock\" > /dev/null\nif [ $? != 0 ] ; then\n    # print error to STDERR\n    echo \"error: The sandbox is not in sync with the Podfile.lock. Run 'pod install' or update your CocoaPods installation.\" >&2\n    exit 1\nfi\n# This output is used by Xcode 'outputs' to avoid re-running this script phase.\necho \"SUCCESS\" > \"${SCRIPT_OUTPUT_FILE_0}\"\n";
			showEnvVarsInLog = 0;
		};
		6D2904A112ED91E359F54168 /* [CP] Embed Pods Frameworks */ = {
			isa = PBXShellScriptBuildPhase;
			buildActionMask = 2147483647;
			files = (
			);
			inputFileListPaths = (
				"${PODS_ROOT}/Target Support Files/Pods-ToDoListApp/Pods-ToDoListApp-frameworks-${CONFIGURATION}-input-files.xcfilelist",
			);
			name = "[CP] Embed Pods Frameworks";
			outputFileListPaths = (
				"${PODS_ROOT}/Target Support Files/Pods-ToDoListApp/Pods-ToDoListApp-frameworks-${CONFIGURATION}-output-files.xcfilelist",
			);
			runOnlyForDeploymentPostprocessing = 0;
			shellPath = /bin/sh;
			shellScript = "\"${PODS_ROOT}/Target Support Files/Pods-ToDoListApp/Pods-ToDoListApp-frameworks.sh\"\n";
			showEnvVarsInLog = 0;
		};
/* End PBXShellScriptBuildPhase section */

/* Begin PBXSourcesBuildPhase section */
		4BAF917B298D32DA00D5A14D /* Sources */ = {
			isa = PBXSourcesBuildPhase;
			buildActionMask = 2147483647;
			files = (
				4BAF919D298D3F5C00D5A14D /* TodoListRepositoryProtocol.swift in Sources */,
				4BB3698129912A15001A6271 /* AddTodoView.swift in Sources */,
				4BCCDA0F2993D550000EA7D2 /* TodoItem.swift in Sources */,
				4BCCDA0D2993D141000EA7D2 /* RealmAddTodoView.swift in Sources */,
				4BB3698329912FC0001A6271 /* TextView.swift in Sources */,
				4BB3698629913746001A6271 /* View+Utils.swift in Sources */,
				4BB3698829913B20001A6271 /* AddTodoViewModel.swift in Sources */,
				4B613A61298D9BD300F38639 /* MockTodoListRepository.swift in Sources */,
				4BCCDA112993EBE7000EA7D2 /* RealmListViewModel.swift in Sources */,
				4BB3697F299127F0001A6271 /* LoadingContentView.swift in Sources */,
				4B613A63298DA62200F38639 /* TodoDetailsView.swift in Sources */,
				4BAF91A0298D474C00D5A14D /* TodoListViewModel.swift in Sources */,
				4BB3697D29912527001A6271 /* EmptyContentView.swift in Sources */,
				4BAF9194298D332A00D5A14D /* TodoModel.swift in Sources */,
				4BA928A22991CFEF000B4B78 /* RealmTodoRepository.swift in Sources */,
				4BAF919A298D3F4900D5A14D /* TodoListRepository.swift in Sources */,
				4BCCDA132993EE57000EA7D2 /* RealmAddTodo.swift in Sources */,
				4BAF9196298D33A500D5A14D /* NetworkService.swift in Sources */,
				4BAF9183298D32DA00D5A14D /* ToDoListAppApp.swift in Sources */,
				4BCCDA0B2993CFAD000EA7D2 /* RealmTodoListView.swift in Sources */,
				4B1C1FA0298D5054002B53A3 /* TodoListHomeView.swift in Sources */,
			);
			runOnlyForDeploymentPostprocessing = 0;
		};
/* End PBXSourcesBuildPhase section */

/* Begin XCBuildConfiguration section */
		4BAF918B298D32DE00D5A14D /* Debug */ = {
			isa = XCBuildConfiguration;
			buildSettings = {
				ALWAYS_SEARCH_USER_PATHS = NO;
				CLANG_ANALYZER_NONNULL = YES;
				CLANG_ANALYZER_NUMBER_OBJECT_CONVERSION = YES_AGGRESSIVE;
				CLANG_CXX_LANGUAGE_STANDARD = "gnu++17";
				CLANG_ENABLE_MODULES = YES;
				CLANG_ENABLE_OBJC_ARC = YES;
				CLANG_ENABLE_OBJC_WEAK = YES;
				CLANG_WARN_BLOCK_CAPTURE_AUTORELEASING = YES;
				CLANG_WARN_BOOL_CONVERSION = YES;
				CLANG_WARN_COMMA = YES;
				CLANG_WARN_CONSTANT_CONVERSION = YES;
				CLANG_WARN_DEPRECATED_OBJC_IMPLEMENTATIONS = YES;
				CLANG_WARN_DIRECT_OBJC_ISA_USAGE = YES_ERROR;
				CLANG_WARN_DOCUMENTATION_COMMENTS = YES;
				CLANG_WARN_EMPTY_BODY = YES;
				CLANG_WARN_ENUM_CONVERSION = YES;
				CLANG_WARN_INFINITE_RECURSION = YES;
				CLANG_WARN_INT_CONVERSION = YES;
				CLANG_WARN_NON_LITERAL_NULL_CONVERSION = YES;
				CLANG_WARN_OBJC_IMPLICIT_RETAIN_SELF = YES;
				CLANG_WARN_OBJC_LITERAL_CONVERSION = YES;
				CLANG_WARN_OBJC_ROOT_CLASS = YES_ERROR;
				CLANG_WARN_QUOTED_INCLUDE_IN_FRAMEWORK_HEADER = YES;
				CLANG_WARN_RANGE_LOOP_ANALYSIS = YES;
				CLANG_WARN_STRICT_PROTOTYPES = YES;
				CLANG_WARN_SUSPICIOUS_MOVE = YES;
				CLANG_WARN_UNGUARDED_AVAILABILITY = YES_AGGRESSIVE;
				CLANG_WARN_UNREACHABLE_CODE = YES;
				CLANG_WARN__DUPLICATE_METHOD_MATCH = YES;
				COPY_PHASE_STRIP = NO;
				DEBUG_INFORMATION_FORMAT = dwarf;
				ENABLE_STRICT_OBJC_MSGSEND = YES;
				ENABLE_TESTABILITY = YES;
				GCC_C_LANGUAGE_STANDARD = gnu11;
				GCC_DYNAMIC_NO_PIC = NO;
				GCC_NO_COMMON_BLOCKS = YES;
				GCC_OPTIMIZATION_LEVEL = 0;
				GCC_PREPROCESSOR_DEFINITIONS = (
					"DEBUG=1",
					"$(inherited)",
				);
				GCC_WARN_64_TO_32_BIT_CONVERSION = YES;
				GCC_WARN_ABOUT_RETURN_TYPE = YES_ERROR;
				GCC_WARN_UNDECLARED_SELECTOR = YES;
				GCC_WARN_UNINITIALIZED_AUTOS = YES_AGGRESSIVE;
				GCC_WARN_UNUSED_FUNCTION = YES;
				GCC_WARN_UNUSED_VARIABLE = YES;
				IPHONEOS_DEPLOYMENT_TARGET = 15.4;
				MTL_ENABLE_DEBUG_INFO = INCLUDE_SOURCE;
				MTL_FAST_MATH = YES;
				ONLY_ACTIVE_ARCH = YES;
				SDKROOT = iphoneos;
				SWIFT_ACTIVE_COMPILATION_CONDITIONS = DEBUG;
				SWIFT_OPTIMIZATION_LEVEL = "-Onone";
			};
			name = Debug;
		};
		4BAF918C298D32DE00D5A14D /* Release */ = {
			isa = XCBuildConfiguration;
			buildSettings = {
				ALWAYS_SEARCH_USER_PATHS = NO;
				CLANG_ANALYZER_NONNULL = YES;
				CLANG_ANALYZER_NUMBER_OBJECT_CONVERSION = YES_AGGRESSIVE;
				CLANG_CXX_LANGUAGE_STANDARD = "gnu++17";
				CLANG_ENABLE_MODULES = YES;
				CLANG_ENABLE_OBJC_ARC = YES;
				CLANG_ENABLE_OBJC_WEAK = YES;
				CLANG_WARN_BLOCK_CAPTURE_AUTORELEASING = YES;
				CLANG_WARN_BOOL_CONVERSION = YES;
				CLANG_WARN_COMMA = YES;
				CLANG_WARN_CONSTANT_CONVERSION = YES;
				CLANG_WARN_DEPRECATED_OBJC_IMPLEMENTATIONS = YES;
				CLANG_WARN_DIRECT_OBJC_ISA_USAGE = YES_ERROR;
				CLANG_WARN_DOCUMENTATION_COMMENTS = YES;
				CLANG_WARN_EMPTY_BODY = YES;
				CLANG_WARN_ENUM_CONVERSION = YES;
				CLANG_WARN_INFINITE_RECURSION = YES;
				CLANG_WARN_INT_CONVERSION = YES;
				CLANG_WARN_NON_LITERAL_NULL_CONVERSION = YES;
				CLANG_WARN_OBJC_IMPLICIT_RETAIN_SELF = YES;
				CLANG_WARN_OBJC_LITERAL_CONVERSION = YES;
				CLANG_WARN_OBJC_ROOT_CLASS = YES_ERROR;
				CLANG_WARN_QUOTED_INCLUDE_IN_FRAMEWORK_HEADER = YES;
				CLANG_WARN_RANGE_LOOP_ANALYSIS = YES;
				CLANG_WARN_STRICT_PROTOTYPES = YES;
				CLANG_WARN_SUSPICIOUS_MOVE = YES;
				CLANG_WARN_UNGUARDED_AVAILABILITY = YES_AGGRESSIVE;
				CLANG_WARN_UNREACHABLE_CODE = YES;
				CLANG_WARN__DUPLICATE_METHOD_MATCH = YES;
				COPY_PHASE_STRIP = NO;
				DEBUG_INFORMATION_FORMAT = "dwarf-with-dsym";
				ENABLE_NS_ASSERTIONS = NO;
				ENABLE_STRICT_OBJC_MSGSEND = YES;
				GCC_C_LANGUAGE_STANDARD = gnu11;
				GCC_NO_COMMON_BLOCKS = YES;
				GCC_WARN_64_TO_32_BIT_CONVERSION = YES;
				GCC_WARN_ABOUT_RETURN_TYPE = YES_ERROR;
				GCC_WARN_UNDECLARED_SELECTOR = YES;
				GCC_WARN_UNINITIALIZED_AUTOS = YES_AGGRESSIVE;
				GCC_WARN_UNUSED_FUNCTION = YES;
				GCC_WARN_UNUSED_VARIABLE = YES;
				IPHONEOS_DEPLOYMENT_TARGET = 15.4;
				MTL_ENABLE_DEBUG_INFO = NO;
				MTL_FAST_MATH = YES;
				SDKROOT = iphoneos;
				SWIFT_COMPILATION_MODE = wholemodule;
				SWIFT_OPTIMIZATION_LEVEL = "-O";
				VALIDATE_PRODUCT = YES;
			};
			name = Release;
		};
		4BAF918E298D32DE00D5A14D /* Debug */ = {
			isa = XCBuildConfiguration;
			baseConfigurationReference = 13A356A420D00383B82D7906 /* Pods-ToDoListApp.debug.xcconfig */;
			buildSettings = {
				ASSETCATALOG_COMPILER_APPICON_NAME = AppIcon;
				ASSETCATALOG_COMPILER_GLOBAL_ACCENT_COLOR_NAME = AccentColor;
				CODE_SIGN_STYLE = Automatic;
				CURRENT_PROJECT_VERSION = 1;
				DEVELOPMENT_ASSET_PATHS = "\"ToDoListApp/Preview Content\"";
				ENABLE_PREVIEWS = YES;
				GENERATE_INFOPLIST_FILE = YES;
				INFOPLIST_KEY_UIApplicationSceneManifest_Generation = YES;
				INFOPLIST_KEY_UIApplicationSupportsIndirectInputEvents = YES;
				INFOPLIST_KEY_UILaunchScreen_Generation = YES;
				INFOPLIST_KEY_UISupportedInterfaceOrientations = UIInterfaceOrientationPortrait;
				INFOPLIST_KEY_UISupportedInterfaceOrientations_iPad = "UIInterfaceOrientationPortrait UIInterfaceOrientationPortraitUpsideDown UIInterfaceOrientationLandscapeLeft UIInterfaceOrientationLandscapeRight";
				INFOPLIST_KEY_UISupportedInterfaceOrientations_iPhone = "UIInterfaceOrientationPortrait UIInterfaceOrientationLandscapeLeft UIInterfaceOrientationLandscapeRight";
				IPHONEOS_DEPLOYMENT_TARGET = 15.4;
				LD_RUNPATH_SEARCH_PATHS = (
					"$(inherited)",
					"@executable_path/Frameworks",
				);
				MARKETING_VERSION = 1.0;
				PRODUCT_BUNDLE_IDENTIFIER = com.nathanbatista.training.ToDoListApp;
				PRODUCT_NAME = "$(TARGET_NAME)";
				SWIFT_EMIT_LOC_STRINGS = YES;
				SWIFT_VERSION = 5.0;
				TARGETED_DEVICE_FAMILY = 1;
			};
			name = Debug;
		};
		4BAF918F298D32DE00D5A14D /* Release */ = {
			isa = XCBuildConfiguration;
			baseConfigurationReference = 12B65A757B953D53D8CF7BB6 /* Pods-ToDoListApp.release.xcconfig */;
			buildSettings = {
				ASSETCATALOG_COMPILER_APPICON_NAME = AppIcon;
				ASSETCATALOG_COMPILER_GLOBAL_ACCENT_COLOR_NAME = AccentColor;
				CODE_SIGN_STYLE = Automatic;
				CURRENT_PROJECT_VERSION = 1;
				DEVELOPMENT_ASSET_PATHS = "\"ToDoListApp/Preview Content\"";
				ENABLE_PREVIEWS = YES;
				GENERATE_INFOPLIST_FILE = YES;
				INFOPLIST_KEY_UIApplicationSceneManifest_Generation = YES;
				INFOPLIST_KEY_UIApplicationSupportsIndirectInputEvents = YES;
				INFOPLIST_KEY_UILaunchScreen_Generation = YES;
				INFOPLIST_KEY_UISupportedInterfaceOrientations = UIInterfaceOrientationPortrait;
				INFOPLIST_KEY_UISupportedInterfaceOrientations_iPad = "UIInterfaceOrientationPortrait UIInterfaceOrientationPortraitUpsideDown UIInterfaceOrientationLandscapeLeft UIInterfaceOrientationLandscapeRight";
				INFOPLIST_KEY_UISupportedInterfaceOrientations_iPhone = "UIInterfaceOrientationPortrait UIInterfaceOrientationLandscapeLeft UIInterfaceOrientationLandscapeRight";
				IPHONEOS_DEPLOYMENT_TARGET = 15.4;
				LD_RUNPATH_SEARCH_PATHS = (
					"$(inherited)",
					"@executable_path/Frameworks",
				);
				MARKETING_VERSION = 1.0;
				PRODUCT_BUNDLE_IDENTIFIER = com.nathanbatista.training.ToDoListApp;
				PRODUCT_NAME = "$(TARGET_NAME)";
				SWIFT_EMIT_LOC_STRINGS = YES;
				SWIFT_VERSION = 5.0;
				TARGETED_DEVICE_FAMILY = 1;
			};
			name = Release;
		};
/* End XCBuildConfiguration section */

/* Begin XCConfigurationList section */
		4BAF917A298D32DA00D5A14D /* Build configuration list for PBXProject "ToDoListApp" */ = {
			isa = XCConfigurationList;
			buildConfigurations = (
				4BAF918B298D32DE00D5A14D /* Debug */,
				4BAF918C298D32DE00D5A14D /* Release */,
			);
			defaultConfigurationIsVisible = 0;
			defaultConfigurationName = Release;
		};
		4BAF918D298D32DE00D5A14D /* Build configuration list for PBXNativeTarget "ToDoListApp" */ = {
			isa = XCConfigurationList;
			buildConfigurations = (
				4BAF918E298D32DE00D5A14D /* Debug */,
				4BAF918F298D32DE00D5A14D /* Release */,
			);
			defaultConfigurationIsVisible = 0;
			defaultConfigurationName = Release;
		};
/* End XCConfigurationList section */
	};
	rootObject = 4BAF9177298D32DA00D5A14D /* Project object */;
}
